
Microsoft Visual Studio Solution File, Format Version 12.00
# Visual Studio Version 17
VisualStudioVersion = 17.0.31903.59
MinimumVisualStudioVersion = 10.0.40219.1
Project("{FAE04EC0-301F-11D3-BF4B-00C04F79EFBC}") = "FactoryClassLib", "FactoryClassLib\FactoryClassLib.csproj", "{5646A6E9-A4D3-4D84-9CB1-BFDDE4B758C5}"
EndProject
Project("{FAE04EC0-301F-11D3-BF4B-00C04F79EFBC}") = "FactoryConsole", "FactoryConsole\FactoryConsole.csproj", "{BC289DB2-FC9A-43E0-BFB8-54B147CAA7F4}"
EndProject
Project("{FAE04EC0-301F-11D3-BF4B-00C04F79EFBC}") = "AbstractFactoryClassLib", "..\AbstractFactory\AbstractFactoryClassLib\AbstractFactoryClassLib.csproj", "{B2D2ED5E-7D26-4394-9F4E-5267A5A541DD}"
EndProject
Project("{FAE04EC0-301F-11D3-BF4B-00C04F79EFBC}") = "ProductsClassLib", "..\AbstractFactory\ProductsClassLib\ProductsClassLib.csproj", "{16EDD2F0-3527-4D1D-8C01-B2B9C804B6FB}"
EndProject
Project("{FAE04EC0-301F-11D3-BF4B-00C04F79EFBC}") = "AbstractFactoryConsoleDemo", "..\AbstractFactory\AbstractFactoryConsoleDemo\AbstractFactoryConsoleDemo.csproj", "{EB431587-BC40-436C-8BEF-8E0DBE29AE3B}"
EndProject
Project("{FAE04EC0-301F-11D3-BF4B-00C04F79EFBC}") = "SingletonDemo", "..\Singleton\SingletonDemo\SingletonDemo.csproj", "{5FC24295-8ECD-4DBA-8C2C-723DC68080F8}"
EndProject
Project("{FAE04EC0-301F-11D3-BF4B-00C04F79EFBC}") = "PrototypeDemo", "..\Prototype\PrototypeDemo\PrototypeDemo.csproj", "{6424D3F7-6AEF-4A5C-BDA6-C25A7CC51F58}"
EndProject
Global
	GlobalSection(SolutionConfigurationPlatforms) = preSolution
		Debug|Any CPU = Debug|Any CPU
		Release|Any CPU = Release|Any CPU
	EndGlobalSection
	GlobalSection(SolutionProperties) = preSolution
		HideSolutionNode = FALSE
	EndGlobalSection
	GlobalSection(ProjectConfigurationPlatforms) = postSolution
		{5646A6E9-A4D3-4D84-9CB1-BFDDE4B758C5}.Debug|Any CPU.ActiveCfg = Debug|Any CPU
		{5646A6E9-A4D3-4D84-9CB1-BFDDE4B758C5}.Debug|Any CPU.Build.0 = Debug|Any CPU
		{5646A6E9-A4D3-4D84-9CB1-BFDDE4B758C5}.Release|Any CPU.ActiveCfg = Release|Any CPU
		{5646A6E9-A4D3-4D84-9CB1-BFDDE4B758C5}.Release|Any CPU.Build.0 = Release|Any CPU
		{BC289DB2-FC9A-43E0-BFB8-54B147CAA7F4}.Debug|Any CPU.ActiveCfg = Debug|Any CPU
		{BC289DB2-FC9A-43E0-BFB8-54B147CAA7F4}.Debug|Any CPU.Build.0 = Debug|Any CPU
		{BC289DB2-FC9A-43E0-BFB8-54B147CAA7F4}.Release|Any CPU.ActiveCfg = Release|Any CPU
		{BC289DB2-FC9A-43E0-BFB8-54B147CAA7F4}.Release|Any CPU.Build.0 = Release|Any CPU
		{B2D2ED5E-7D26-4394-9F4E-5267A5A541DD}.Debug|Any CPU.ActiveCfg = Debug|Any CPU
		{B2D2ED5E-7D26-4394-9F4E-5267A5A541DD}.Debug|Any CPU.Build.0 = Debug|Any CPU
		{B2D2ED5E-7D26-4394-9F4E-5267A5A541DD}.Release|Any CPU.ActiveCfg = Release|Any CPU
		{B2D2ED5E-7D26-4394-9F4E-5267A5A541DD}.Release|Any CPU.Build.0 = Release|Any CPU
		{16EDD2F0-3527-4D1D-8C01-B2B9C804B6FB}.Debug|Any CPU.ActiveCfg = Debug|Any CPU
		{16EDD2F0-3527-4D1D-8C01-B2B9C804B6FB}.Debug|Any CPU.Build.0 = Debug|Any CPU
		{16EDD2F0-3527-4D1D-8C01-B2B9C804B6FB}.Release|Any CPU.ActiveCfg = Release|Any CPU
		{16EDD2F0-3527-4D1D-8C01-B2B9C804B6FB}.Release|Any CPU.Build.0 = Release|Any CPU
		{EB431587-BC40-436C-8BEF-8E0DBE29AE3B}.Debug|Any CPU.ActiveCfg = Debug|Any CPU
		{EB431587-BC40-436C-8BEF-8E0DBE29AE3B}.Debug|Any CPU.Build.0 = Debug|Any CPU
		{EB431587-BC40-436C-8BEF-8E0DBE29AE3B}.Release|Any CPU.ActiveCfg = Release|Any CPU
		{EB431587-BC40-436C-8BEF-8E0DBE29AE3B}.Release|Any CPU.Build.0 = Release|Any CPU
		{5FC24295-8ECD-4DBA-8C2C-723DC68080F8}.Debug|Any CPU.ActiveCfg = Debug|Any CPU
		{5FC24295-8ECD-4DBA-8C2C-723DC68080F8}.Debug|Any CPU.Build.0 = Debug|Any CPU
		{5FC24295-8ECD-4DBA-8C2C-723DC68080F8}.Release|Any CPU.ActiveCfg = Release|Any CPU
		{5FC24295-8ECD-4DBA-8C2C-723DC68080F8}.Release|Any CPU.Build.0 = Release|Any CPU
		{6424D3F7-6AEF-4A5C-BDA6-C25A7CC51F58}.Debug|Any CPU.ActiveCfg = Debug|Any CPU
		{6424D3F7-6AEF-4A5C-BDA6-C25A7CC51F58}.Debug|Any CPU.Build.0 = Debug|Any CPU
		{6424D3F7-6AEF-4A5C-BDA6-C25A7CC51F58}.Release|Any CPU.ActiveCfg = Release|Any CPU
		{6424D3F7-6AEF-4A5C-BDA6-C25A7CC51F58}.Release|Any CPU.Build.0 = Release|Any CPU
	EndGlobalSection
EndGlobal
