
Microsoft Visual Studio Solution File, Format Version 12.00
# Visual Studio Version 17
VisualStudioVersion = 17.0.31903.59
MinimumVisualStudioVersion = 10.0.40219.1
Project("{FAE04EC0-301F-11D3-BF4B-00C04F79EFBC}") = "FactoryClassLib", "FactoryClassLib\FactoryClassLib.csproj", "{5646A6E9-A4D3-4D84-9CB1-BFDDE4B758C5}"
EndProject
Project("{FAE04EC0-301F-11D3-BF4B-00C04F79EFBC}") = "FactoryConsole", "FactoryConsole\FactoryConsole.csproj", "{BC289DB2-FC9A-43E0-BFB8-54B147CAA7F4}"
EndProject
Global
	GlobalSection(SolutionConfigurationPlatforms) = preSolution
		Debug|Any CPU = Debug|Any CPU
		Release|Any CPU = Release|Any CPU
	EndGlobalSection
	GlobalSection(SolutionProperties) = preSolution
		HideSolutionNode = FALSE
	EndGlobalSection
	GlobalSection(ProjectConfigurationPlatforms) = postSolution
		{5646A6E9-A4D3-4D84-9CB1-BFDDE4B758C5}.Debug|Any CPU.ActiveCfg = Debug|Any CPU
		{5646A6E9-A4D3-4D84-9CB1-BFDDE4B758C5}.Debug|Any CPU.Build.0 = Debug|Any CPU
		{5646A6E9-A4D3-4D84-9CB1-BFDDE4B758C5}.Release|Any CPU.ActiveCfg = Release|Any CPU
		{5646A6E9-A4D3-4D84-9CB1-BFDDE4B758C5}.Release|Any CPU.Build.0 = Release|Any CPU
		{BC289DB2-FC9A-43E0-BFB8-54B147CAA7F4}.Debug|Any CPU.ActiveCfg = Debug|Any CPU
		{BC289DB2-FC9A-43E0-BFB8-54B147CAA7F4}.Debug|Any CPU.Build.0 = Debug|Any CPU
		{BC289DB2-FC9A-43E0-BFB8-54B147CAA7F4}.Release|Any CPU.ActiveCfg = Release|Any CPU
		{BC289DB2-FC9A-43E0-BFB8-54B147CAA7F4}.Release|Any CPU.Build.0 = Release|Any CPU
	EndGlobalSection
EndGlobal
