
Microsoft Visual Studio Solution File, Format Version 12.00
# Visual Studio Version 17
VisualStudioVersion = 17.0.31903.59
MinimumVisualStudioVersion = 10.0.40219.1
Project("{2150E333-8FDC-42A3-9474-1A3956D46DE8}") = "lab1", "lab1", "{D15C1784-7553-4B1B-9857-130C684E11C3}"
EndProject
Project("{FAE04EC0-301F-11D3-BF4B-00C04F79EFBC}") = "ShopWarehouse", ".\ShopWarehouse\ShopWarehouse.csproj", "{00D26902-2473-4AA2-8BBD-F55770B70647}"
EndProject
Global
	GlobalSection(SolutionConfigurationPlatforms) = preSolution
		Debug|Any CPU = Debug|Any CPU
		Release|Any CPU = Release|Any CPU
	EndGlobalSection
	GlobalSection(SolutionProperties) = preSolution
		HideSolutionNode = FALSE
	EndGlobalSection
	GlobalSection(ProjectConfigurationPlatforms) = postSolution
		{00D26902-2473-4AA2-8BBD-F55770B70647}.Debug|Any CPU.ActiveCfg = Debug|Any CPU
		{00D26902-2473-4AA2-8BBD-F55770B70647}.Debug|Any CPU.Build.0 = Debug|Any CPU
		{00D26902-2473-4AA2-8BBD-F55770B70647}.Release|Any CPU.ActiveCfg = Release|Any CPU
		{00D26902-2473-4AA2-8BBD-F55770B70647}.Release|Any CPU.Build.0 = Release|Any CPU
	EndGlobalSection
	GlobalSection(NestedProjects) = preSolution
		{00D26902-2473-4AA2-8BBD-F55770B70647} = {D15C1784-7553-4B1B-9857-130C684E11C3}
	EndGlobalSection
EndGlobal
