
Microsoft Visual Studio Solution File, Format Version 12.00
# Visual Studio Version 17
VisualStudioVersion = 17.0.31903.59
MinimumVisualStudioVersion = 10.0.40219.1
Project("{2150E333-8FDC-42A3-9474-1A3956D46DE8}") = "Mediator", "Mediator", "{4E7533FD-6F8E-45AB-A049-102C1FEF92F9}"
EndProject
Project("{FAE04EC0-301F-11D3-BF4B-00C04F79EFBC}") = "MediatorClassLibrary", ".\Mediator\MediatorClassLibrary\MediatorClassLibrary.csproj", "{A0B0FED9-3C87-4ADD-A6D3-EE09F32FC5E7}"
EndProject
Project("{FAE04EC0-301F-11D3-BF4B-00C04F79EFBC}") = "MediatorDemo", "Mediator\MediatorDemo\MediatorDemo.csproj", "{99E853EA-F0A8-4507-92E4-D7DB0E3CD018}"
EndProject
Project("{2150E333-8FDC-42A3-9474-1A3956D46DE8}") = "Observer", "Observer", "{A5339217-8A86-4E25-AA35-5D2CDE87C963}"
EndProject
Project("{FAE04EC0-301F-11D3-BF4B-00C04F79EFBC}") = "ObserverClassLibrary", "Observer\ObserverClassLibrary\ObserverClassLibrary.csproj", "{10411F1A-9C4E-4C54-89B6-25C2D5ACCC5A}"
EndProject
Project("{FAE04EC0-301F-11D3-BF4B-00C04F79EFBC}") = "ObserverDemo", "Observer\ObserverDemo\ObserverDemo.csproj", "{B9A6328F-8371-48C2-A146-0F5321472606}"
EndProject
Project("{2150E333-8FDC-42A3-9474-1A3956D46DE8}") = "Strategy", "Strategy", "{09F583A0-F6FD-4D0B-B191-5639E8C4B07A}"
EndProject
Project("{FAE04EC0-301F-11D3-BF4B-00C04F79EFBC}") = "StrategyClassLib", "Strategy\StrategyClassLib\StrategyClassLib.csproj", "{CFC5EC7C-F27C-4C97-9DA0-BA4143704F32}"
EndProject
Project("{FAE04EC0-301F-11D3-BF4B-00C04F79EFBC}") = "StrategyDemo", "Strategy\StrategyDemo\StrategyDemo.csproj", "{B5022798-D08F-4507-87A3-448498CBEEC1}"
EndProject
Project("{2150E333-8FDC-42A3-9474-1A3956D46DE8}") = "Memento", "Memento", "{32C66927-5B3E-40B3-8C5D-6BE1E24A3623}"
EndProject
Project("{FAE04EC0-301F-11D3-BF4B-00C04F79EFBC}") = "MementoClassLib", "Memento\MementoClassLib\MementoClassLib.csproj", "{DC551D87-EC73-4E3A-91AE-22E0BDC0B559}"
EndProject
Project("{FAE04EC0-301F-11D3-BF4B-00C04F79EFBC}") = "MementoDemo", "Memento\MementoDemo\MementoDemo.csproj", "{32B7672B-36DF-4AF4-9AE6-27BC5528FEA2}"
EndProject
Global
	GlobalSection(SolutionConfigurationPlatforms) = preSolution
		Debug|Any CPU = Debug|Any CPU
		Release|Any CPU = Release|Any CPU
	EndGlobalSection
	GlobalSection(SolutionProperties) = preSolution
		HideSolutionNode = FALSE
	EndGlobalSection
	GlobalSection(ProjectConfigurationPlatforms) = postSolution
		{A0B0FED9-3C87-4ADD-A6D3-EE09F32FC5E7}.Debug|Any CPU.ActiveCfg = Debug|Any CPU
		{A0B0FED9-3C87-4ADD-A6D3-EE09F32FC5E7}.Debug|Any CPU.Build.0 = Debug|Any CPU
		{A0B0FED9-3C87-4ADD-A6D3-EE09F32FC5E7}.Release|Any CPU.ActiveCfg = Release|Any CPU
		{A0B0FED9-3C87-4ADD-A6D3-EE09F32FC5E7}.Release|Any CPU.Build.0 = Release|Any CPU
		{99E853EA-F0A8-4507-92E4-D7DB0E3CD018}.Debug|Any CPU.ActiveCfg = Debug|Any CPU
		{99E853EA-F0A8-4507-92E4-D7DB0E3CD018}.Debug|Any CPU.Build.0 = Debug|Any CPU
		{99E853EA-F0A8-4507-92E4-D7DB0E3CD018}.Release|Any CPU.ActiveCfg = Release|Any CPU
		{99E853EA-F0A8-4507-92E4-D7DB0E3CD018}.Release|Any CPU.Build.0 = Release|Any CPU
		{10411F1A-9C4E-4C54-89B6-25C2D5ACCC5A}.Debug|Any CPU.ActiveCfg = Debug|Any CPU
		{10411F1A-9C4E-4C54-89B6-25C2D5ACCC5A}.Debug|Any CPU.Build.0 = Debug|Any CPU
		{10411F1A-9C4E-4C54-89B6-25C2D5ACCC5A}.Release|Any CPU.ActiveCfg = Release|Any CPU
		{10411F1A-9C4E-4C54-89B6-25C2D5ACCC5A}.Release|Any CPU.Build.0 = Release|Any CPU
		{B9A6328F-8371-48C2-A146-0F5321472606}.Debug|Any CPU.ActiveCfg = Debug|Any CPU
		{B9A6328F-8371-48C2-A146-0F5321472606}.Debug|Any CPU.Build.0 = Debug|Any CPU
		{B9A6328F-8371-48C2-A146-0F5321472606}.Release|Any CPU.ActiveCfg = Release|Any CPU
		{B9A6328F-8371-48C2-A146-0F5321472606}.Release|Any CPU.Build.0 = Release|Any CPU
		{CFC5EC7C-F27C-4C97-9DA0-BA4143704F32}.Debug|Any CPU.ActiveCfg = Debug|Any CPU
		{CFC5EC7C-F27C-4C97-9DA0-BA4143704F32}.Debug|Any CPU.Build.0 = Debug|Any CPU
		{CFC5EC7C-F27C-4C97-9DA0-BA4143704F32}.Release|Any CPU.ActiveCfg = Release|Any CPU
		{CFC5EC7C-F27C-4C97-9DA0-BA4143704F32}.Release|Any CPU.Build.0 = Release|Any CPU
		{B5022798-D08F-4507-87A3-448498CBEEC1}.Debug|Any CPU.ActiveCfg = Debug|Any CPU
		{B5022798-D08F-4507-87A3-448498CBEEC1}.Debug|Any CPU.Build.0 = Debug|Any CPU
		{B5022798-D08F-4507-87A3-448498CBEEC1}.Release|Any CPU.ActiveCfg = Release|Any CPU
		{B5022798-D08F-4507-87A3-448498CBEEC1}.Release|Any CPU.Build.0 = Release|Any CPU
		{DC551D87-EC73-4E3A-91AE-22E0BDC0B559}.Debug|Any CPU.ActiveCfg = Debug|Any CPU
		{DC551D87-EC73-4E3A-91AE-22E0BDC0B559}.Debug|Any CPU.Build.0 = Debug|Any CPU
		{DC551D87-EC73-4E3A-91AE-22E0BDC0B559}.Release|Any CPU.ActiveCfg = Release|Any CPU
		{DC551D87-EC73-4E3A-91AE-22E0BDC0B559}.Release|Any CPU.Build.0 = Release|Any CPU
		{32B7672B-36DF-4AF4-9AE6-27BC5528FEA2}.Debug|Any CPU.ActiveCfg = Debug|Any CPU
		{32B7672B-36DF-4AF4-9AE6-27BC5528FEA2}.Debug|Any CPU.Build.0 = Debug|Any CPU
		{32B7672B-36DF-4AF4-9AE6-27BC5528FEA2}.Release|Any CPU.ActiveCfg = Release|Any CPU
		{32B7672B-36DF-4AF4-9AE6-27BC5528FEA2}.Release|Any CPU.Build.0 = Release|Any CPU
	EndGlobalSection
	GlobalSection(NestedProjects) = preSolution
		{A0B0FED9-3C87-4ADD-A6D3-EE09F32FC5E7} = {4E7533FD-6F8E-45AB-A049-102C1FEF92F9}
		{99E853EA-F0A8-4507-92E4-D7DB0E3CD018} = {4E7533FD-6F8E-45AB-A049-102C1FEF92F9}
		{10411F1A-9C4E-4C54-89B6-25C2D5ACCC5A} = {A5339217-8A86-4E25-AA35-5D2CDE87C963}
		{B9A6328F-8371-48C2-A146-0F5321472606} = {A5339217-8A86-4E25-AA35-5D2CDE87C963}
		{CFC5EC7C-F27C-4C97-9DA0-BA4143704F32} = {09F583A0-F6FD-4D0B-B191-5639E8C4B07A}
		{B5022798-D08F-4507-87A3-448498CBEEC1} = {09F583A0-F6FD-4D0B-B191-5639E8C4B07A}
		{DC551D87-EC73-4E3A-91AE-22E0BDC0B559} = {32C66927-5B3E-40B3-8C5D-6BE1E24A3623}
		{32B7672B-36DF-4AF4-9AE6-27BC5528FEA2} = {32C66927-5B3E-40B3-8C5D-6BE1E24A3623}
	EndGlobalSection
EndGlobal
