
Microsoft Visual Studio Solution File, Format Version 12.00
# Visual Studio Version 17
VisualStudioVersion = 17.0.31903.59
MinimumVisualStudioVersion = 10.0.40219.1
Project("{2150E333-8FDC-42A3-9474-1A3956D46DE8}") = "lab3", "Adapter", "{F173C57E-2CD2-482D-86A9-8C34C5673B5A}"
EndProject
Project("{FAE04EC0-301F-11D3-BF4B-00C04F79EFBC}") = "AdapterClassLib", "Adapter\AdapterClassLib\AdapterClassLib.csproj", "{714708FC-E024-41D1-B8E9-014B663B8E8E}"
EndProject
Project("{FAE04EC0-301F-11D3-BF4B-00C04F79EFBC}") = "AdapterDemo", "Adapter\AdapterDemo\AdapterDemo.csproj", "{503ADDF7-256D-4628-867A-03BECC14D247}"
EndProject
Project("{2150E333-8FDC-42A3-9474-1A3956D46DE8}") = "Decorator", "Decorator", "{91B2F9C4-1CF9-4802-8366-E12BD615189D}"
EndProject
Project("{FAE04EC0-301F-11D3-BF4B-00C04F79EFBC}") = "DecoratorClassLib", "Decorator\DecoratorClassLib\DecoratorClassLib.csproj", "{047495F2-09D6-4ADC-855F-F218DA240670}"
EndProject
Project("{FAE04EC0-301F-11D3-BF4B-00C04F79EFBC}") = "DecoratorDemo", "Decorator\DecoratorDemo\DecoratorDemo.csproj", "{17B664AF-85C2-4822-9346-62FC01DA1D7B}"
EndProject
Project("{2150E333-8FDC-42A3-9474-1A3956D46DE8}") = "Bridge", "Bridge", "{0FE3FADB-7AA2-4429-B130-E42C5BEB5435}"
EndProject
Project("{FAE04EC0-301F-11D3-BF4B-00C04F79EFBC}") = "BridgeClassLib", "Bridge\BridgeClassLib\BridgeClassLib.csproj", "{67333C01-547F-4B4D-98C6-B0D27B5FAFC2}"
EndProject
Project("{FAE04EC0-301F-11D3-BF4B-00C04F79EFBC}") = "BridgeDemo", "Bridge\BridgeDemo\BridgeDemo.csproj", "{455D6E00-4ECF-4EC3-A472-C594C784C1B6}"
EndProject
Project("{2150E333-8FDC-42A3-9474-1A3956D46DE8}") = "Proxy", "Proxy", "{BF2808DD-B1F9-46F9-80CC-02DAA43BDE2B}"
EndProject
Project("{FAE04EC0-301F-11D3-BF4B-00C04F79EFBC}") = "ProxyClassLib", "Proxy\ProxyClassLib\ProxyClassLib.csproj", "{D87CC07A-0FD0-4C4C-98E4-93A27D2F956D}"
EndProject
Project("{FAE04EC0-301F-11D3-BF4B-00C04F79EFBC}") = "ProxyDemo", "Proxy\ProxyDemo\ProxyDemo.csproj", "{652E0C80-08A7-4005-B28B-EF0043E0D984}"
EndProject
Project("{2150E333-8FDC-42A3-9474-1A3956D46DE8}") = "Composite", "Composite", "{C9AC1954-3907-4A11-86E7-DAEFCE6AA1BD}"
EndProject
Project("{FAE04EC0-301F-11D3-BF4B-00C04F79EFBC}") = "CompositeClassLib", "Composite\CompositeClassLib\CompositeClassLib.csproj", "{1EA7C832-557B-4159-BAF7-735CA9615867}"
EndProject
Project("{FAE04EC0-301F-11D3-BF4B-00C04F79EFBC}") = "CompositeDemo", "Composite\CompositeDemo\CompositeDemo.csproj", "{879C4D2D-6243-4C9F-88BE-9705D1E79A6B}"
EndProject
Project("{2150E333-8FDC-42A3-9474-1A3956D46DE8}") = "Flyweight", "Flyweight", "{9B2569BA-AA92-4539-8168-E02D5FB4398C}"
EndProject
Project("{FAE04EC0-301F-11D3-BF4B-00C04F79EFBC}") = "FlyweightClassLib", "Flyweight\FlyweightClassLib\FlyweightClassLib.csproj", "{7B4EBC71-808A-4C18-AFC4-900214FC8102}"
EndProject
Project("{FAE04EC0-301F-11D3-BF4B-00C04F79EFBC}") = "FlyweightDemo", "Flyweight\FlyweightDemo\FlyweightDemo.csproj", "{59E26C44-337F-4C2E-9185-FDE12A5FA675}"
EndProject
Global
	GlobalSection(SolutionConfigurationPlatforms) = preSolution
		Debug|Any CPU = Debug|Any CPU
		Release|Any CPU = Release|Any CPU
	EndGlobalSection
	GlobalSection(SolutionProperties) = preSolution
		HideSolutionNode = FALSE
	EndGlobalSection
	GlobalSection(ProjectConfigurationPlatforms) = postSolution
		{714708FC-E024-41D1-B8E9-014B663B8E8E}.Debug|Any CPU.ActiveCfg = Debug|Any CPU
		{714708FC-E024-41D1-B8E9-014B663B8E8E}.Debug|Any CPU.Build.0 = Debug|Any CPU
		{714708FC-E024-41D1-B8E9-014B663B8E8E}.Release|Any CPU.ActiveCfg = Release|Any CPU
		{714708FC-E024-41D1-B8E9-014B663B8E8E}.Release|Any CPU.Build.0 = Release|Any CPU
		{503ADDF7-256D-4628-867A-03BECC14D247}.Debug|Any CPU.ActiveCfg = Debug|Any CPU
		{503ADDF7-256D-4628-867A-03BECC14D247}.Debug|Any CPU.Build.0 = Debug|Any CPU
		{503ADDF7-256D-4628-867A-03BECC14D247}.Release|Any CPU.ActiveCfg = Release|Any CPU
		{503ADDF7-256D-4628-867A-03BECC14D247}.Release|Any CPU.Build.0 = Release|Any CPU
		{047495F2-09D6-4ADC-855F-F218DA240670}.Debug|Any CPU.ActiveCfg = Debug|Any CPU
		{047495F2-09D6-4ADC-855F-F218DA240670}.Debug|Any CPU.Build.0 = Debug|Any CPU
		{047495F2-09D6-4ADC-855F-F218DA240670}.Release|Any CPU.ActiveCfg = Release|Any CPU
		{047495F2-09D6-4ADC-855F-F218DA240670}.Release|Any CPU.Build.0 = Release|Any CPU
		{17B664AF-85C2-4822-9346-62FC01DA1D7B}.Debug|Any CPU.ActiveCfg = Debug|Any CPU
		{17B664AF-85C2-4822-9346-62FC01DA1D7B}.Debug|Any CPU.Build.0 = Debug|Any CPU
		{17B664AF-85C2-4822-9346-62FC01DA1D7B}.Release|Any CPU.ActiveCfg = Release|Any CPU
		{17B664AF-85C2-4822-9346-62FC01DA1D7B}.Release|Any CPU.Build.0 = Release|Any CPU
		{67333C01-547F-4B4D-98C6-B0D27B5FAFC2}.Debug|Any CPU.ActiveCfg = Debug|Any CPU
		{67333C01-547F-4B4D-98C6-B0D27B5FAFC2}.Debug|Any CPU.Build.0 = Debug|Any CPU
		{67333C01-547F-4B4D-98C6-B0D27B5FAFC2}.Release|Any CPU.ActiveCfg = Release|Any CPU
		{67333C01-547F-4B4D-98C6-B0D27B5FAFC2}.Release|Any CPU.Build.0 = Release|Any CPU
		{455D6E00-4ECF-4EC3-A472-C594C784C1B6}.Debug|Any CPU.ActiveCfg = Debug|Any CPU
		{455D6E00-4ECF-4EC3-A472-C594C784C1B6}.Debug|Any CPU.Build.0 = Debug|Any CPU
		{455D6E00-4ECF-4EC3-A472-C594C784C1B6}.Release|Any CPU.ActiveCfg = Release|Any CPU
		{455D6E00-4ECF-4EC3-A472-C594C784C1B6}.Release|Any CPU.Build.0 = Release|Any CPU
		{D87CC07A-0FD0-4C4C-98E4-93A27D2F956D}.Debug|Any CPU.ActiveCfg = Debug|Any CPU
		{D87CC07A-0FD0-4C4C-98E4-93A27D2F956D}.Debug|Any CPU.Build.0 = Debug|Any CPU
		{D87CC07A-0FD0-4C4C-98E4-93A27D2F956D}.Release|Any CPU.ActiveCfg = Release|Any CPU
		{D87CC07A-0FD0-4C4C-98E4-93A27D2F956D}.Release|Any CPU.Build.0 = Release|Any CPU
		{652E0C80-08A7-4005-B28B-EF0043E0D984}.Debug|Any CPU.ActiveCfg = Debug|Any CPU
		{652E0C80-08A7-4005-B28B-EF0043E0D984}.Debug|Any CPU.Build.0 = Debug|Any CPU
		{652E0C80-08A7-4005-B28B-EF0043E0D984}.Release|Any CPU.ActiveCfg = Release|Any CPU
		{652E0C80-08A7-4005-B28B-EF0043E0D984}.Release|Any CPU.Build.0 = Release|Any CPU
		{1EA7C832-557B-4159-BAF7-735CA9615867}.Debug|Any CPU.ActiveCfg = Debug|Any CPU
		{1EA7C832-557B-4159-BAF7-735CA9615867}.Debug|Any CPU.Build.0 = Debug|Any CPU
		{1EA7C832-557B-4159-BAF7-735CA9615867}.Release|Any CPU.ActiveCfg = Release|Any CPU
		{1EA7C832-557B-4159-BAF7-735CA9615867}.Release|Any CPU.Build.0 = Release|Any CPU
		{879C4D2D-6243-4C9F-88BE-9705D1E79A6B}.Debug|Any CPU.ActiveCfg = Debug|Any CPU
		{879C4D2D-6243-4C9F-88BE-9705D1E79A6B}.Debug|Any CPU.Build.0 = Debug|Any CPU
		{879C4D2D-6243-4C9F-88BE-9705D1E79A6B}.Release|Any CPU.ActiveCfg = Release|Any CPU
		{879C4D2D-6243-4C9F-88BE-9705D1E79A6B}.Release|Any CPU.Build.0 = Release|Any CPU
		{7B4EBC71-808A-4C18-AFC4-900214FC8102}.Debug|Any CPU.ActiveCfg = Debug|Any CPU
		{7B4EBC71-808A-4C18-AFC4-900214FC8102}.Debug|Any CPU.Build.0 = Debug|Any CPU
		{7B4EBC71-808A-4C18-AFC4-900214FC8102}.Release|Any CPU.ActiveCfg = Release|Any CPU
		{7B4EBC71-808A-4C18-AFC4-900214FC8102}.Release|Any CPU.Build.0 = Release|Any CPU
		{59E26C44-337F-4C2E-9185-FDE12A5FA675}.Debug|Any CPU.ActiveCfg = Debug|Any CPU
		{59E26C44-337F-4C2E-9185-FDE12A5FA675}.Debug|Any CPU.Build.0 = Debug|Any CPU
		{59E26C44-337F-4C2E-9185-FDE12A5FA675}.Release|Any CPU.ActiveCfg = Release|Any CPU
		{59E26C44-337F-4C2E-9185-FDE12A5FA675}.Release|Any CPU.Build.0 = Release|Any CPU
	EndGlobalSection
	GlobalSection(NestedProjects) = preSolution
		{714708FC-E024-41D1-B8E9-014B663B8E8E} = {F173C57E-2CD2-482D-86A9-8C34C5673B5A}
		{503ADDF7-256D-4628-867A-03BECC14D247} = {F173C57E-2CD2-482D-86A9-8C34C5673B5A}
		{047495F2-09D6-4ADC-855F-F218DA240670} = {91B2F9C4-1CF9-4802-8366-E12BD615189D}
		{17B664AF-85C2-4822-9346-62FC01DA1D7B} = {91B2F9C4-1CF9-4802-8366-E12BD615189D}
		{67333C01-547F-4B4D-98C6-B0D27B5FAFC2} = {0FE3FADB-7AA2-4429-B130-E42C5BEB5435}
		{455D6E00-4ECF-4EC3-A472-C594C784C1B6} = {0FE3FADB-7AA2-4429-B130-E42C5BEB5435}
		{D87CC07A-0FD0-4C4C-98E4-93A27D2F956D} = {BF2808DD-B1F9-46F9-80CC-02DAA43BDE2B}
		{652E0C80-08A7-4005-B28B-EF0043E0D984} = {BF2808DD-B1F9-46F9-80CC-02DAA43BDE2B}
		{1EA7C832-557B-4159-BAF7-735CA9615867} = {C9AC1954-3907-4A11-86E7-DAEFCE6AA1BD}
		{879C4D2D-6243-4C9F-88BE-9705D1E79A6B} = {C9AC1954-3907-4A11-86E7-DAEFCE6AA1BD}
		{7B4EBC71-808A-4C18-AFC4-900214FC8102} = {9B2569BA-AA92-4539-8168-E02D5FB4398C}
		{59E26C44-337F-4C2E-9185-FDE12A5FA675} = {9B2569BA-AA92-4539-8168-E02D5FB4398C}
	EndGlobalSection
EndGlobal
